{
  "name": "@tsonic/dotnet",
  "version": "0.1.0",
  "lockfileVersion": 3,
  "requires": true,
  "packages": {
    "": {
      "name": "@tsonic/dotnet",
      "version": "0.1.0",
      "license": "MIT",
      "dependencies": {
        "@tsonic/types": "^0.1.1"
      }
    },
    "node_modules/@tsonic/types": {
      "version": "0.1.1",
      "resolved": "https://registry.npmjs.org/@tsonic/types/-/types-0.1.1.tgz",
      "integrity": "sha512-cG9AZEoc0QEwIW5aYbgMgg4PBAD3q9NjoE2XLNFCEEHB3YZSeKdLkjPxxescAZG651C4tfU/wcQFyvHNwKDpww==",
      "license": "MIT"
    }
  }
}
